
Microsoft Visual Studio Solution File, Format Version 12.00
# Visual Studio Version 17
VisualStudioVersion = 17.3.32922.545
MinimumVisualStudioVersion = 10.0.40219.1
Project("{FAE04EC0-301F-11D3-BF4B-00C04F79EFBC}") = "MiracSEBTask", "MiracSEBTask\MiracSEBTask.csproj", "{15B3A3C4-EEC8-4EA4-ABAF-D8BA8327428A}"
EndProject
Global
	GlobalSection(SolutionConfigurationPlatforms) = preSolution
		Debug|Any CPU = Debug|Any CPU
		Release|Any CPU = Release|Any CPU
	EndGlobalSection
	GlobalSection(ProjectConfigurationPlatforms) = postSolution
		{15B3A3C4-EEC8-4EA4-ABAF-D8BA8327428A}.Debug|Any CPU.ActiveCfg = Debug|Any CPU
		{15B3A3C4-EEC8-4EA4-ABAF-D8BA8327428A}.Debug|Any CPU.Build.0 = Debug|Any CPU
		{15B3A3C4-EEC8-4EA4-ABAF-D8BA8327428A}.Release|Any CPU.ActiveCfg = Release|Any CPU
		{15B3A3C4-EEC8-4EA4-ABAF-D8BA8327428A}.Release|Any CPU.Build.0 = Release|Any CPU
	EndGlobalSection
	GlobalSection(SolutionProperties) = preSolution
		HideSolutionNode = FALSE
	EndGlobalSection
	GlobalSection(ExtensibilityGlobals) = postSolution
		SolutionGuid = {766B5316-3B57-4ACF-9EF1-07033CEC1436}
	EndGlobalSection
EndGlobal
